
Microsoft Visual Studio Solution File, Format Version 12.00
# Visual Studio Version 17
VisualStudioVersion = 17.7.34202.233
MinimumVisualStudioVersion = 10.0.40219.1
Project("{FAE04EC0-301F-11D3-BF4B-00C04F79EFBC}") = "cursach", "cursach\cursach.csproj", "{D9226983-7FD5-489F-A523-2DBA8DE9E3EB}"
EndProject
Global
	GlobalSection(SolutionConfigurationPlatforms) = preSolution
		Debug|Any CPU = Debug|Any CPU
		Release|Any CPU = Release|Any CPU
	EndGlobalSection
	GlobalSection(ProjectConfigurationPlatforms) = postSolution
		{D9226983-7FD5-489F-A523-2DBA8DE9E3EB}.Debug|Any CPU.ActiveCfg = Debug|Any CPU
		{D9226983-7FD5-489F-A523-2DBA8DE9E3EB}.Debug|Any CPU.Build.0 = Debug|Any CPU
		{D9226983-7FD5-489F-A523-2DBA8DE9E3EB}.Release|Any CPU.ActiveCfg = Release|Any CPU
		{D9226983-7FD5-489F-A523-2DBA8DE9E3EB}.Release|Any CPU.Build.0 = Release|Any CPU
	EndGlobalSection
	GlobalSection(SolutionProperties) = preSolution
		HideSolutionNode = FALSE
	EndGlobalSection
	GlobalSection(ExtensibilityGlobals) = postSolution
		SolutionGuid = {7AB69ED7-AF81-4C89-9B19-4C40337E2DD3}
	EndGlobalSection
EndGlobal
